
Microsoft Visual Studio Solution File, Format Version 12.00
# Visual Studio Version 17
VisualStudioVersion = 17.0.32014.148
MinimumVisualStudioVersion = 10.0.40219.1
Project("{FAE04EC0-301F-11D3-BF4B-00C04F79EFBC}") = "NNumbersPrime", "NNumbersPrime\NNumbersPrime.csproj", "{92581BA9-B057-4892-B1FC-B126C7052EA0}"
EndProject
Global
	GlobalSection(SolutionConfigurationPlatforms) = preSolution
		Debug|Any CPU = Debug|Any CPU
		Release|Any CPU = Release|Any CPU
	EndGlobalSection
	GlobalSection(ProjectConfigurationPlatforms) = postSolution
		{92581BA9-B057-4892-B1FC-B126C7052EA0}.Debug|Any CPU.ActiveCfg = Debug|Any CPU
		{92581BA9-B057-4892-B1FC-B126C7052EA0}.Debug|Any CPU.Build.0 = Debug|Any CPU
		{92581BA9-B057-4892-B1FC-B126C7052EA0}.Release|Any CPU.ActiveCfg = Release|Any CPU
		{92581BA9-B057-4892-B1FC-B126C7052EA0}.Release|Any CPU.Build.0 = Release|Any CPU
	EndGlobalSection
	GlobalSection(SolutionProperties) = preSolution
		HideSolutionNode = FALSE
	EndGlobalSection
	GlobalSection(ExtensibilityGlobals) = postSolution
		SolutionGuid = {007B5F0B-77A6-4861-ADDF-28ED5C8C5F86}
	EndGlobalSection
EndGlobal
