
Microsoft Visual Studio Solution File, Format Version 12.00
# Visual Studio Version 16
VisualStudioVersion = 16.0.31702.278
MinimumVisualStudioVersion = 10.0.40219.1
Project("{FAE04EC0-301F-11D3-BF4B-00C04F79EFBC}") = "Problema3", "Problema3\Problema3.csproj", "{F3A679A5-C9ED-4C86-8814-9B5ECD23247A}"
EndProject
Global
	GlobalSection(SolutionConfigurationPlatforms) = preSolution
		Debug|Any CPU = Debug|Any CPU
		Release|Any CPU = Release|Any CPU
	EndGlobalSection
	GlobalSection(ProjectConfigurationPlatforms) = postSolution
		{F3A679A5-C9ED-4C86-8814-9B5ECD23247A}.Debug|Any CPU.ActiveCfg = Debug|Any CPU
		{F3A679A5-C9ED-4C86-8814-9B5ECD23247A}.Debug|Any CPU.Build.0 = Debug|Any CPU
		{F3A679A5-C9ED-4C86-8814-9B5ECD23247A}.Release|Any CPU.ActiveCfg = Release|Any CPU
		{F3A679A5-C9ED-4C86-8814-9B5ECD23247A}.Release|Any CPU.Build.0 = Release|Any CPU
	EndGlobalSection
	GlobalSection(SolutionProperties) = preSolution
		HideSolutionNode = FALSE
	EndGlobalSection
	GlobalSection(ExtensibilityGlobals) = postSolution
		SolutionGuid = {77A9016A-C9D8-4BAE-9859-F16CA051BE08}
	EndGlobalSection
EndGlobal
